
Microsoft Visual Studio Solution File, Format Version 12.00
# Visual Studio 14
VisualStudioVersion = 14.0.25420.1
MinimumVisualStudioVersion = 10.0.40219.1
Project("{FAE04EC0-301F-11D3-BF4B-00C04F79EFBC}") = "OpenCBS.PostBridge", "OpenCBS.PostBridge.csproj", "{B90C4EDB-68D5-456A-AF82-42CC4B36162A}"
EndProject
Project("{FAE04EC0-301F-11D3-BF4B-00C04F79EFBC}") = "Free.iso8583", "..\OpenCBS.ISO8583\src\Free.iso8583.csproj", "{D08BEEEA-AFAD-411D-9156-B5198495A39B}"
EndProject
Global
	GlobalSection(SolutionConfigurationPlatforms) = preSolution
		Debug|Any CPU = Debug|Any CPU
		Release|Any CPU = Release|Any CPU
	EndGlobalSection
	GlobalSection(ProjectConfigurationPlatforms) = postSolution
		{B90C4EDB-68D5-456A-AF82-42CC4B36162A}.Debug|Any CPU.ActiveCfg = Debug|Any CPU
		{B90C4EDB-68D5-456A-AF82-42CC4B36162A}.Debug|Any CPU.Build.0 = Debug|Any CPU
		{B90C4EDB-68D5-456A-AF82-42CC4B36162A}.Release|Any CPU.ActiveCfg = Release|Any CPU
		{B90C4EDB-68D5-456A-AF82-42CC4B36162A}.Release|Any CPU.Build.0 = Release|Any CPU
		{D08BEEEA-AFAD-411D-9156-B5198495A39B}.Debug|Any CPU.ActiveCfg = Debug|Any CPU
		{D08BEEEA-AFAD-411D-9156-B5198495A39B}.Debug|Any CPU.Build.0 = Debug|Any CPU
		{D08BEEEA-AFAD-411D-9156-B5198495A39B}.Release|Any CPU.ActiveCfg = Release|Any CPU
		{D08BEEEA-AFAD-411D-9156-B5198495A39B}.Release|Any CPU.Build.0 = Release|Any CPU
	EndGlobalSection
	GlobalSection(SolutionProperties) = preSolution
		HideSolutionNode = FALSE
	EndGlobalSection
EndGlobal
