
Microsoft Visual Studio Solution File, Format Version 11.00
# Visual Studio 2010
Project("{FAE04EC0-301F-11D3-BF4B-00C04F79EFBC}") = "Iso8583Server", "Iso8583Server.csproj", "{8685AC2C-4481-4E0D-B2E8-54C132A99940}"
EndProject
Global
	GlobalSection(SolutionConfigurationPlatforms) = preSolution
		Debug|Any CPU = Debug|Any CPU
		Release|Any CPU = Release|Any CPU
	EndGlobalSection
	GlobalSection(ProjectConfigurationPlatforms) = postSolution
		{8685AC2C-4481-4E0D-B2E8-54C132A99940}.Debug|Any CPU.ActiveCfg = Debug|Any CPU
		{8685AC2C-4481-4E0D-B2E8-54C132A99940}.Debug|Any CPU.Build.0 = Debug|Any CPU
		{8685AC2C-4481-4E0D-B2E8-54C132A99940}.Release|Any CPU.ActiveCfg = Release|Any CPU
		{8685AC2C-4481-4E0D-B2E8-54C132A99940}.Release|Any CPU.Build.0 = Release|Any CPU
	EndGlobalSection
	GlobalSection(SolutionProperties) = preSolution
		HideSolutionNode = FALSE
	EndGlobalSection
EndGlobal
